// !$*UTF8*$!
{
	archiveVersion = 1;
	classes = {
	};
	objectVersion = 50;
	objects = {

/* Begin PBXBuildFile section */
		B53418BF235203BD00862DB1 /* Common.swift in Sources */ = {isa = PBXBuildFile; fileRef = B53418BE235203BD00862DB1 /* Common.swift */; };
		B5AED3852350C71000CBF29B /* AppDelegate.swift in Sources */ = {isa = PBXBuildFile; fileRef = B5AED3842350C71000CBF29B /* AppDelegate.swift */; };
		B5AED38C2350C71000CBF29B /* Main.storyboard in Resources */ = {isa = PBXBuildFile; fileRef = B5AED38A2350C71000CBF29B /* Main.storyboard */; };
		B5AED38F2350C71000CBF29B /* employee_audit.xcdatamodeld in Sources */ = {isa = PBXBuildFile; fileRef = B5AED38D2350C71000CBF29B /* employee_audit.xcdatamodeld */; };
		B5AED3912350C71200CBF29B /* Assets.xcassets in Resources */ = {isa = PBXBuildFile; fileRef = B5AED3902350C71200CBF29B /* Assets.xcassets */; };
		B5AED3942350C71200CBF29B /* LaunchScreen.storyboard in Resources */ = {isa = PBXBuildFile; fileRef = B5AED3922350C71200CBF29B /* LaunchScreen.storyboard */; };
		B5AED3A62350F58100CBF29B /* EmployeeTableViewController.swift in Sources */ = {isa = PBXBuildFile; fileRef = B5AED3A52350F58100CBF29B /* EmployeeTableViewController.swift */; };
		B5AED3A92350F8AA00CBF29B /* EmployeeTableViewCell.swift in Sources */ = {isa = PBXBuildFile; fileRef = B5AED3A82350F8AA00CBF29B /* EmployeeTableViewCell.swift */; };
		B5AED3AB2351043C00CBF29B /* AddEmployeeViewController.swift in Sources */ = {isa = PBXBuildFile; fileRef = B5AED3AA2351043C00CBF29B /* AddEmployeeViewController.swift */; };
		B5AED3AD2351078700CBF29B /* TableViewModel.swift in Sources */ = {isa = PBXBuildFile; fileRef = B5AED3AC2351078700CBF29B /* TableViewModel.swift */; };
		B5AED3AF235107B200CBF29B /* TableViewModelType.swift in Sources */ = {isa = PBXBuildFile; fileRef = B5AED3AE235107B200CBF29B /* TableViewModelType.swift */; };
		B5D983662351395C00880AD6 /* WorkerCreationViewModelType.swift in Sources */ = {isa = PBXBuildFile; fileRef = B5D983652351395C00880AD6 /* WorkerCreationViewModelType.swift */; };
		B5D98368235139D400880AD6 /* WorkerCreationViewModel.swift in Sources */ = {isa = PBXBuildFile; fileRef = B5D98367235139D400880AD6 /* WorkerCreationViewModel.swift */; };
		B5D9836F2351CE5D00880AD6 /* PhotoGaleryCollectionViewController.swift in Sources */ = {isa = PBXBuildFile; fileRef = B5D9836E2351CE5D00880AD6 /* PhotoGaleryCollectionViewController.swift */; };
		B5EE6DB1235116DE00415EE1 /* TableViewCellViewModelType.swift in Sources */ = {isa = PBXBuildFile; fileRef = B5EE6DB0235116DE00415EE1 /* TableViewCellViewModelType.swift */; };
		B5EE6DB32351187200415EE1 /* TableViewCellViewModel.swift in Sources */ = {isa = PBXBuildFile; fileRef = B5EE6DB22351187200415EE1 /* TableViewCellViewModel.swift */; };
		B5EE6DB523511BDD00415EE1 /* EmployeeModel.swift in Sources */ = {isa = PBXBuildFile; fileRef = B5EE6DB423511BDD00415EE1 /* EmployeeModel.swift */; };
		B5EE6DB823512D1C00415EE1 /* StorageService.swift in Sources */ = {isa = PBXBuildFile; fileRef = B5EE6DB723512D1B00415EE1 /* StorageService.swift */; };
/* End PBXBuildFile section */

/* Begin PBXFileReference section */
		B53418BE235203BD00862DB1 /* Common.swift */ = {isa = PBXFileReference; lastKnownFileType = sourcecode.swift; path = Common.swift; sourceTree = "<group>"; };
		B5AED3812350C71000CBF29B /* employee-audit.app */ = {isa = PBXFileReference; explicitFileType = wrapper.application; includeInIndex = 0; path = "employee-audit.app"; sourceTree = BUILT_PRODUCTS_DIR; };
		B5AED3842350C71000CBF29B /* AppDelegate.swift */ = {isa = PBXFileReference; lastKnownFileType = sourcecode.swift; path = AppDelegate.swift; sourceTree = "<group>"; };
		B5AED38B2350C71000CBF29B /* Base */ = {isa = PBXFileReference; lastKnownFileType = file.storyboard; name = Base; path = Base.lproj/Main.storyboard; sourceTree = "<group>"; };
		B5AED38E2350C71000CBF29B /* employee_audit.xcdatamodel */ = {isa = PBXFileReference; lastKnownFileType = wrapper.xcdatamodel; path = employee_audit.xcdatamodel; sourceTree = "<group>"; };
		B5AED3902350C71200CBF29B /* Assets.xcassets */ = {isa = PBXFileReference; lastKnownFileType = folder.assetcatalog; path = Assets.xcassets; sourceTree = "<group>"; };
		B5AED3932350C71200CBF29B /* Base */ = {isa = PBXFileReference; lastKnownFileType = file.storyboard; name = Base; path = Base.lproj/LaunchScreen.storyboard; sourceTree = "<group>"; };
		B5AED3952350C71200CBF29B /* Info.plist */ = {isa = PBXFileReference; lastKnownFileType = text.plist.xml; path = Info.plist; sourceTree = "<group>"; };
		B5AED3A52350F58100CBF29B /* EmployeeTableViewController.swift */ = {isa = PBXFileReference; lastKnownFileType = sourcecode.swift; path = EmployeeTableViewController.swift; sourceTree = "<group>"; };
		B5AED3A82350F8AA00CBF29B /* EmployeeTableViewCell.swift */ = {isa = PBXFileReference; lastKnownFileType = sourcecode.swift; path = EmployeeTableViewCell.swift; sourceTree = "<group>"; };
		B5AED3AA2351043C00CBF29B /* AddEmployeeViewController.swift */ = {isa = PBXFileReference; lastKnownFileType = sourcecode.swift; path = AddEmployeeViewController.swift; sourceTree = "<group>"; };
		B5AED3AC2351078700CBF29B /* TableViewModel.swift */ = {isa = PBXFileReference; lastKnownFileType = sourcecode.swift; path = TableViewModel.swift; sourceTree = "<group>"; };
		B5AED3AE235107B200CBF29B /* TableViewModelType.swift */ = {isa = PBXFileReference; lastKnownFileType = sourcecode.swift; path = TableViewModelType.swift; sourceTree = "<group>"; };
		B5D983652351395C00880AD6 /* WorkerCreationViewModelType.swift */ = {isa = PBXFileReference; lastKnownFileType = sourcecode.swift; path = WorkerCreationViewModelType.swift; sourceTree = "<group>"; };
		B5D98367235139D400880AD6 /* WorkerCreationViewModel.swift */ = {isa = PBXFileReference; lastKnownFileType = sourcecode.swift; path = WorkerCreationViewModel.swift; sourceTree = "<group>"; };
		B5D9836E2351CE5D00880AD6 /* PhotoGaleryCollectionViewController.swift */ = {isa = PBXFileReference; lastKnownFileType = sourcecode.swift; path = PhotoGaleryCollectionViewController.swift; sourceTree = "<group>"; };
		B5EE6DB0235116DE00415EE1 /* TableViewCellViewModelType.swift */ = {isa = PBXFileReference; lastKnownFileType = sourcecode.swift; path = TableViewCellViewModelType.swift; sourceTree = "<group>"; };
		B5EE6DB22351187200415EE1 /* TableViewCellViewModel.swift */ = {isa = PBXFileReference; lastKnownFileType = sourcecode.swift; path = TableViewCellViewModel.swift; sourceTree = "<group>"; };
		B5EE6DB423511BDD00415EE1 /* EmployeeModel.swift */ = {isa = PBXFileReference; lastKnownFileType = sourcecode.swift; path = EmployeeModel.swift; sourceTree = "<group>"; };
		B5EE6DB723512D1B00415EE1 /* StorageService.swift */ = {isa = PBXFileReference; lastKnownFileType = sourcecode.swift; path = StorageService.swift; sourceTree = "<group>"; };
/* End PBXFileReference section */

/* Begin PBXFrameworksBuildPhase section */
		B5AED37E2350C71000CBF29B /* Frameworks */ = {
			isa = PBXFrameworksBuildPhase;
			buildActionMask = 2147483647;
			files = (
			);
			runOnlyForDeploymentPostprocessing = 0;
		};
/* End PBXFrameworksBuildPhase section */

/* Begin PBXGroup section */
		B53418BD235203AD00862DB1 /* Common */ = {
			isa = PBXGroup;
			children = (
				B53418BE235203BD00862DB1 /* Common.swift */,
			);
			path = Common;
			sourceTree = "<group>";
		};
		B5AED3782350C71000CBF29B = {
			isa = PBXGroup;
			children = (
				B5AED3832350C71000CBF29B /* employee-audit */,
				B5AED3822350C71000CBF29B /* Products */,
			);
			sourceTree = "<group>";
		};
		B5AED3822350C71000CBF29B /* Products */ = {
			isa = PBXGroup;
			children = (
				B5AED3812350C71000CBF29B /* employee-audit.app */,
			);
			name = Products;
			sourceTree = "<group>";
		};
		B5AED3832350C71000CBF29B /* employee-audit */ = {
			isa = PBXGroup;
			children = (
				B5EE6DB623512CF500415EE1 /* Services */,
				B5AED39B2350C72400CBF29B /* Sources */,
				B5AED39C2350C72B00CBF29B /* Resources */,
			);
			path = "employee-audit";
			sourceTree = "<group>";
		};
		B5AED39B2350C72400CBF29B /* Sources */ = {
			isa = PBXGroup;
			children = (
				B53418BD235203AD00862DB1 /* Common */,
				B5EE6DBA2351329100415EE1 /* Modules */,
				B5AED39D2350C79200CBF29B /* Storyboard */,
				B5AED3842350C71000CBF29B /* AppDelegate.swift */,
			);
			path = Sources;
			sourceTree = "<group>";
		};
		B5AED39C2350C72B00CBF29B /* Resources */ = {
			isa = PBXGroup;
			children = (
				B5AED3902350C71200CBF29B /* Assets.xcassets */,
				B5AED3922350C71200CBF29B /* LaunchScreen.storyboard */,
				B5AED3952350C71200CBF29B /* Info.plist */,
				B5AED38D2350C71000CBF29B /* employee_audit.xcdatamodeld */,
			);
			path = Resources;
			sourceTree = "<group>";
		};
		B5AED39D2350C79200CBF29B /* Storyboard */ = {
			isa = PBXGroup;
			children = (
				B5AED38A2350C71000CBF29B /* Main.storyboard */,
			);
			path = Storyboard;
			sourceTree = "<group>";
		};
		B5AED39E2350C7A000CBF29B /* Model */ = {
			isa = PBXGroup;
			children = (
				B5EE6DB423511BDD00415EE1 /* EmployeeModel.swift */,
			);
			path = Model;
			sourceTree = "<group>";
		};
		B5AED39F2350C7A900CBF29B /* View */ = {
			isa = PBXGroup;
			children = (
				B5AED3A72350F88800CBF29B /* TableCell */,
				B5AED3A52350F58100CBF29B /* EmployeeTableViewController.swift */,
			);
			path = View;
			sourceTree = "<group>";
		};
		B5AED3A02350C7B100CBF29B /* ViewModel */ = {
			isa = PBXGroup;
			children = (
				B5AED3AC2351078700CBF29B /* TableViewModel.swift */,
				B5EE6DB22351187200415EE1 /* TableViewCellViewModel.swift */,
			);
			path = ViewModel;
			sourceTree = "<group>";
		};
		B5AED3A72350F88800CBF29B /* TableCell */ = {
			isa = PBXGroup;
			children = (
				B5AED3A82350F8AA00CBF29B /* EmployeeTableViewCell.swift */,
			);
			path = TableCell;
			sourceTree = "<group>";
		};
		B5AED3B02351083000CBF29B /* Protocols */ = {
			isa = PBXGroup;
			children = (
				B5AED3AE235107B200CBF29B /* TableViewModelType.swift */,
				B5EE6DB0235116DE00415EE1 /* TableViewCellViewModelType.swift */,
			);
			path = Protocols;
			sourceTree = "<group>";
		};
		B5D983692351CDE000880AD6 /* PhotoGalery */ = {
			isa = PBXGroup;
			children = (
				B5D9836A2351CDF000880AD6 /* Protocols */,
				B5D9836D2351CE1200880AD6 /* Model */,
				B5D9836C2351CE0900880AD6 /* View */,
				B5D9836B2351CE0000880AD6 /* ViewModel */,
			);
			path = PhotoGalery;
			sourceTree = "<group>";
		};
		B5D9836A2351CDF000880AD6 /* Protocols */ = {
			isa = PBXGroup;
			children = (
			);
			path = Protocols;
			sourceTree = "<group>";
		};
		B5D9836B2351CE0000880AD6 /* ViewModel */ = {
			isa = PBXGroup;
			children = (
			);
			path = ViewModel;
			sourceTree = "<group>";
		};
		B5D9836C2351CE0900880AD6 /* View */ = {
			isa = PBXGroup;
			children = (
				B5D9836E2351CE5D00880AD6 /* PhotoGaleryCollectionViewController.swift */,
			);
			path = View;
			sourceTree = "<group>";
		};
		B5D9836D2351CE1200880AD6 /* Model */ = {
			isa = PBXGroup;
			children = (
			);
			path = Model;
			sourceTree = "<group>";
		};
		B5EE6DB623512CF500415EE1 /* Services */ = {
			isa = PBXGroup;
			children = (
				B5EE6DB723512D1B00415EE1 /* StorageService.swift */,
			);
			path = Services;
			sourceTree = "<group>";
		};
		B5EE6DB92351326200415EE1 /* WorkersList */ = {
			isa = PBXGroup;
			children = (
				B5AED3B02351083000CBF29B /* Protocols */,
				B5AED39E2350C7A000CBF29B /* Model */,
				B5AED39F2350C7A900CBF29B /* View */,
				B5AED3A02350C7B100CBF29B /* ViewModel */,
			);
			path = WorkersList;
			sourceTree = "<group>";
		};
		B5EE6DBA2351329100415EE1 /* Modules */ = {
			isa = PBXGroup;
			children = (
				B5EE6DB92351326200415EE1 /* WorkersList */,
				B5EE6DBB235135AC00415EE1 /* WorkerCreation */,
				B5D983692351CDE000880AD6 /* PhotoGalery */,
			);
			path = Modules;
			sourceTree = "<group>";
		};
		B5EE6DBB235135AC00415EE1 /* WorkerCreation */ = {
			isa = PBXGroup;
			children = (
				B5EE6DBF235135EB00415EE1 /* Protokols */,
				B5EE6DBE235135D800415EE1 /* Model */,
				B5EE6DBD235135CE00415EE1 /* View */,
				B5EE6DBC235135C500415EE1 /* ViewModel */,
			);
			path = WorkerCreation;
			sourceTree = "<group>";
		};
		B5EE6DBC235135C500415EE1 /* ViewModel */ = {
			isa = PBXGroup;
			children = (
				B5D98367235139D400880AD6 /* WorkerCreationViewModel.swift */,
			);
			path = ViewModel;
			sourceTree = "<group>";
		};
		B5EE6DBD235135CE00415EE1 /* View */ = {
			isa = PBXGroup;
			children = (
				B5AED3AA2351043C00CBF29B /* AddEmployeeViewController.swift */,
			);
			path = View;
			sourceTree = "<group>";
		};
		B5EE6DBE235135D800415EE1 /* Model */ = {
			isa = PBXGroup;
			children = (
			);
			path = Model;
			sourceTree = "<group>";
		};
		B5EE6DBF235135EB00415EE1 /* Protokols */ = {
			isa = PBXGroup;
			children = (
				B5D983652351395C00880AD6 /* WorkerCreationViewModelType.swift */,
			);
			path = Protokols;
			sourceTree = "<group>";
		};
/* End PBXGroup section */

/* Begin PBXNativeTarget section */
		B5AED3802350C71000CBF29B /* employee-audit */ = {
			isa = PBXNativeTarget;
			buildConfigurationList = B5AED3982350C71200CBF29B /* Build configuration list for PBXNativeTarget "employee-audit" */;
			buildPhases = (
				B5AED37D2350C71000CBF29B /* Sources */,
				B5AED37E2350C71000CBF29B /* Frameworks */,
				B5AED37F2350C71000CBF29B /* Resources */,
			);
			buildRules = (
			);
			dependencies = (
			);
			name = "employee-audit";
			productName = "employee-audit";
			productReference = B5AED3812350C71000CBF29B /* employee-audit.app */;
			productType = "com.apple.product-type.application";
		};
/* End PBXNativeTarget section */

/* Begin PBXProject section */
		B5AED3792350C71000CBF29B /* Project object */ = {
			isa = PBXProject;
			attributes = {
				LastSwiftUpdateCheck = 1100;
				LastUpgradeCheck = 1100;
				ORGANIZATIONNAME = "Konstantin Igorevich";
				TargetAttributes = {
					B5AED3802350C71000CBF29B = {
						CreatedOnToolsVersion = 11.0;
					};
				};
			};
			buildConfigurationList = B5AED37C2350C71000CBF29B /* Build configuration list for PBXProject "employee-audit" */;
			compatibilityVersion = "Xcode 9.3";
			developmentRegion = en;
			hasScannedForEncodings = 0;
			knownRegions = (
				en,
				Base,
			);
			mainGroup = B5AED3782350C71000CBF29B;
			productRefGroup = B5AED3822350C71000CBF29B /* Products */;
			projectDirPath = "";
			projectRoot = "";
			targets = (
				B5AED3802350C71000CBF29B /* employee-audit */,
			);
		};
/* End PBXProject section */

/* Begin PBXResourcesBuildPhase section */
		B5AED37F2350C71000CBF29B /* Resources */ = {
			isa = PBXResourcesBuildPhase;
			buildActionMask = 2147483647;
			files = (
				B5AED3942350C71200CBF29B /* LaunchScreen.storyboard in Resources */,
				B5AED3912350C71200CBF29B /* Assets.xcassets in Resources */,
				B5AED38C2350C71000CBF29B /* Main.storyboard in Resources */,
			);
			runOnlyForDeploymentPostprocessing = 0;
		};
/* End PBXResourcesBuildPhase section */

/* Begin PBXSourcesBuildPhase section */
		B5AED37D2350C71000CBF29B /* Sources */ = {
			isa = PBXSourcesBuildPhase;
			buildActionMask = 2147483647;
			files = (
				B5EE6DB32351187200415EE1 /* TableViewCellViewModel.swift in Sources */,
				B5EE6DB823512D1C00415EE1 /* StorageService.swift in Sources */,
				B5AED3AB2351043C00CBF29B /* AddEmployeeViewController.swift in Sources */,
				B5D983662351395C00880AD6 /* WorkerCreationViewModelType.swift in Sources */,
				B5AED3AF235107B200CBF29B /* TableViewModelType.swift in Sources */,
				B5EE6DB523511BDD00415EE1 /* EmployeeModel.swift in Sources */,
				B5AED3AD2351078700CBF29B /* TableViewModel.swift in Sources */,
				B5D98368235139D400880AD6 /* WorkerCreationViewModel.swift in Sources */,
				B5AED3A62350F58100CBF29B /* EmployeeTableViewController.swift in Sources */,
				B5AED38F2350C71000CBF29B /* employee_audit.xcdatamodeld in Sources */,
				B5AED3A92350F8AA00CBF29B /* EmployeeTableViewCell.swift in Sources */,
				B5EE6DB1235116DE00415EE1 /* TableViewCellViewModelType.swift in Sources */,
				B5AED3852350C71000CBF29B /* AppDelegate.swift in Sources */,
				B53418BF235203BD00862DB1 /* Common.swift in Sources */,
				B5D9836F2351CE5D00880AD6 /* PhotoGaleryCollectionViewController.swift in Sources */,
			);
			runOnlyForDeploymentPostprocessing = 0;
		};
/* End PBXSourcesBuildPhase section */

/* Begin PBXVariantGroup section */
		B5AED38A2350C71000CBF29B /* Main.storyboard */ = {
			isa = PBXVariantGroup;
			children = (
				B5AED38B2350C71000CBF29B /* Base */,
			);
			name = Main.storyboard;
			sourceTree = "<group>";
		};
		B5AED3922350C71200CBF29B /* LaunchScreen.storyboard */ = {
			isa = PBXVariantGroup;
			children = (
				B5AED3932350C71200CBF29B /* Base */,
			);
			name = LaunchScreen.storyboard;
			sourceTree = "<group>";
		};
/* End PBXVariantGroup section */

/* Begin XCBuildConfiguration section */
		B5AED3962350C71200CBF29B /* Debug */ = {
			isa = XCBuildConfiguration;
			buildSettings = {
				ALWAYS_SEARCH_USER_PATHS = NO;
				CLANG_ANALYZER_NONNULL = YES;
				CLANG_ANALYZER_NUMBER_OBJECT_CONVERSION = YES_AGGRESSIVE;
				CLANG_CXX_LANGUAGE_STANDARD = "gnu++14";
				CLANG_CXX_LIBRARY = "libc++";
				CLANG_ENABLE_MODULES = YES;
				CLANG_ENABLE_OBJC_ARC = YES;
				CLANG_ENABLE_OBJC_WEAK = YES;
				CLANG_WARN_BLOCK_CAPTURE_AUTORELEASING = YES;
				CLANG_WARN_BOOL_CONVERSION = YES;
				CLANG_WARN_COMMA = YES;
				CLANG_WARN_CONSTANT_CONVERSION = YES;
				CLANG_WARN_DEPRECATED_OBJC_IMPLEMENTATIONS = YES;
				CLANG_WARN_DIRECT_OBJC_ISA_USAGE = YES_ERROR;
				CLANG_WARN_DOCUMENTATION_COMMENTS = YES;
				CLANG_WARN_EMPTY_BODY = YES;
				CLANG_WARN_ENUM_CONVERSION = YES;
				CLANG_WARN_INFINITE_RECURSION = YES;
				CLANG_WARN_INT_CONVERSION = YES;
				CLANG_WARN_NON_LITERAL_NULL_CONVERSION = YES;
				CLANG_WARN_OBJC_IMPLICIT_RETAIN_SELF = YES;
				CLANG_WARN_OBJC_LITERAL_CONVERSION = YES;
				CLANG_WARN_OBJC_ROOT_CLASS = YES_ERROR;
				CLANG_WARN_RANGE_LOOP_ANALYSIS = YES;
				CLANG_WARN_STRICT_PROTOTYPES = YES;
				CLANG_WARN_SUSPICIOUS_MOVE = YES;
				CLANG_WARN_UNGUARDED_AVAILABILITY = YES_AGGRESSIVE;
				CLANG_WARN_UNREACHABLE_CODE = YES;
				CLANG_WARN__DUPLICATE_METHOD_MATCH = YES;
				COPY_PHASE_STRIP = NO;
				DEBUG_INFORMATION_FORMAT = dwarf;
				ENABLE_STRICT_OBJC_MSGSEND = YES;
				ENABLE_TESTABILITY = YES;
				GCC_C_LANGUAGE_STANDARD = gnu11;
				GCC_DYNAMIC_NO_PIC = NO;
				GCC_NO_COMMON_BLOCKS = YES;
				GCC_OPTIMIZATION_LEVEL = 0;
				GCC_PREPROCESSOR_DEFINITIONS = (
					"DEBUG=1",
					"$(inherited)",
				);
				GCC_WARN_64_TO_32_BIT_CONVERSION = YES;
				GCC_WARN_ABOUT_RETURN_TYPE = YES_ERROR;
				GCC_WARN_UNDECLARED_SELECTOR = YES;
				GCC_WARN_UNINITIALIZED_AUTOS = YES_AGGRESSIVE;
				GCC_WARN_UNUSED_FUNCTION = YES;
				GCC_WARN_UNUSED_VARIABLE = YES;
				IPHONEOS_DEPLOYMENT_TARGET = 12.0;
				MTL_ENABLE_DEBUG_INFO = INCLUDE_SOURCE;
				MTL_FAST_MATH = YES;
				ONLY_ACTIVE_ARCH = YES;
				SDKROOT = iphoneos;
				SWIFT_ACTIVE_COMPILATION_CONDITIONS = DEBUG;
				SWIFT_OPTIMIZATION_LEVEL = "-Onone";
			};
			name = Debug;
		};
		B5AED3972350C71200CBF29B /* Release */ = {
			isa = XCBuildConfiguration;
			buildSettings = {
				ALWAYS_SEARCH_USER_PATHS = NO;
				CLANG_ANALYZER_NONNULL = YES;
				CLANG_ANALYZER_NUMBER_OBJECT_CONVERSION = YES_AGGRESSIVE;
				CLANG_CXX_LANGUAGE_STANDARD = "gnu++14";
				CLANG_CXX_LIBRARY = "libc++";
				CLANG_ENABLE_MODULES = YES;
				CLANG_ENABLE_OBJC_ARC = YES;
				CLANG_ENABLE_OBJC_WEAK = YES;
				CLANG_WARN_BLOCK_CAPTURE_AUTORELEASING = YES;
				CLANG_WARN_BOOL_CONVERSION = YES;
				CLANG_WARN_COMMA = YES;
				CLANG_WARN_CONSTANT_CONVERSION = YES;
				CLANG_WARN_DEPRECATED_OBJC_IMPLEMENTATIONS = YES;
				CLANG_WARN_DIRECT_OBJC_ISA_USAGE = YES_ERROR;
				CLANG_WARN_DOCUMENTATION_COMMENTS = YES;
				CLANG_WARN_EMPTY_BODY = YES;
				CLANG_WARN_ENUM_CONVERSION = YES;
				CLANG_WARN_INFINITE_RECURSION = YES;
				CLANG_WARN_INT_CONVERSION = YES;
				CLANG_WARN_NON_LITERAL_NULL_CONVERSION = YES;
				CLANG_WARN_OBJC_IMPLICIT_RETAIN_SELF = YES;
				CLANG_WARN_OBJC_LITERAL_CONVERSION = YES;
				CLANG_WARN_OBJC_ROOT_CLASS = YES_ERROR;
				CLANG_WARN_RANGE_LOOP_ANALYSIS = YES;
				CLANG_WARN_STRICT_PROTOTYPES = YES;
				CLANG_WARN_SUSPICIOUS_MOVE = YES;
				CLANG_WARN_UNGUARDED_AVAILABILITY = YES_AGGRESSIVE;
				CLANG_WARN_UNREACHABLE_CODE = YES;
				CLANG_WARN__DUPLICATE_METHOD_MATCH = YES;
				COPY_PHASE_STRIP = NO;
				DEBUG_INFORMATION_FORMAT = "dwarf-with-dsym";
				ENABLE_NS_ASSERTIONS = NO;
				ENABLE_STRICT_OBJC_MSGSEND = YES;
				GCC_C_LANGUAGE_STANDARD = gnu11;
				GCC_NO_COMMON_BLOCKS = YES;
				GCC_WARN_64_TO_32_BIT_CONVERSION = YES;
				GCC_WARN_ABOUT_RETURN_TYPE = YES_ERROR;
				GCC_WARN_UNDECLARED_SELECTOR = YES;
				GCC_WARN_UNINITIALIZED_AUTOS = YES_AGGRESSIVE;
				GCC_WARN_UNUSED_FUNCTION = YES;
				GCC_WARN_UNUSED_VARIABLE = YES;
				IPHONEOS_DEPLOYMENT_TARGET = 12.0;
				MTL_ENABLE_DEBUG_INFO = NO;
				MTL_FAST_MATH = YES;
				SDKROOT = iphoneos;
				SWIFT_COMPILATION_MODE = wholemodule;
				SWIFT_OPTIMIZATION_LEVEL = "-O";
				VALIDATE_PRODUCT = YES;
			};
			name = Release;
		};
		B5AED3992350C71200CBF29B /* Debug */ = {
			isa = XCBuildConfiguration;
			buildSettings = {
				ASSETCATALOG_COMPILER_APPICON_NAME = AppIcon;
				CODE_SIGN_STYLE = Automatic;
				CURRENT_PROJECT_VERSION = 1;
				DEVELOPMENT_TEAM = UH5E4S62N6;
				INFOPLIST_FILE = "employee-audit/Info.plist";
				IPHONEOS_DEPLOYMENT_TARGET = 12.0;
				LD_RUNPATH_SEARCH_PATHS = (
					"$(inherited)",
					"@executable_path/Frameworks",
				);
				MARKETING_VERSION = 1.0;
				PRODUCT_BUNDLE_IDENTIFIER = "com.app.employee-audit";
				PRODUCT_NAME = "$(TARGET_NAME)";
				SWIFT_VERSION = 5.0;
				TARGETED_DEVICE_FAMILY = 1;
			};
			name = Debug;
		};
		B5AED39A2350C71200CBF29B /* Release */ = {
			isa = XCBuildConfiguration;
			buildSettings = {
				ASSETCATALOG_COMPILER_APPICON_NAME = AppIcon;
				CODE_SIGN_STYLE = Automatic;
				CURRENT_PROJECT_VERSION = 1;
				DEVELOPMENT_TEAM = UH5E4S62N6;
				INFOPLIST_FILE = "employee-audit/Info.plist";
				IPHONEOS_DEPLOYMENT_TARGET = 12.0;
				LD_RUNPATH_SEARCH_PATHS = (
					"$(inherited)",
					"@executable_path/Frameworks",
				);
				MARKETING_VERSION = 1.0;
				PRODUCT_BUNDLE_IDENTIFIER = "com.app.employee-audit";
				PRODUCT_NAME = "$(TARGET_NAME)";
				SWIFT_VERSION = 5.0;
				TARGETED_DEVICE_FAMILY = 1;
			};
			name = Release;
		};
/* End XCBuildConfiguration section */

/* Begin XCConfigurationList section */
		B5AED37C2350C71000CBF29B /* Build configuration list for PBXProject "employee-audit" */ = {
			isa = XCConfigurationList;
			buildConfigurations = (
				B5AED3962350C71200CBF29B /* Debug */,
				B5AED3972350C71200CBF29B /* Release */,
			);
			defaultConfigurationIsVisible = 0;
			defaultConfigurationName = Release;
		};
		B5AED3982350C71200CBF29B /* Build configuration list for PBXNativeTarget "employee-audit" */ = {
			isa = XCConfigurationList;
			buildConfigurations = (
				B5AED3992350C71200CBF29B /* Debug */,
				B5AED39A2350C71200CBF29B /* Release */,
			);
			defaultConfigurationIsVisible = 0;
			defaultConfigurationName = Release;
		};
/* End XCConfigurationList section */

/* Begin XCVersionGroup section */
		B5AED38D2350C71000CBF29B /* employee_audit.xcdatamodeld */ = {
			isa = XCVersionGroup;
			children = (
				B5AED38E2350C71000CBF29B /* employee_audit.xcdatamodel */,
			);
			currentVersion = B5AED38E2350C71000CBF29B /* employee_audit.xcdatamodel */;
			path = employee_audit.xcdatamodeld;
			sourceTree = "<group>";
			versionGroupType = wrapper.xcdatamodel;
		};
/* End XCVersionGroup section */
	};
	rootObject = B5AED3792350C71000CBF29B /* Project object */;
}
